// !$*UTF8*$!
{
	archiveVersion = 1;
	classes = {
	};
	objectVersion = 50;
	objects = {

/* Begin PBXBuildFile section */
		9F0602CA216B5EEB00EBE8CF /* AppDelegate.swift in Sources */ = {isa = PBXBuildFile; fileRef = 9F0602C9216B5EEB00EBE8CF /* AppDelegate.swift */; };
		9F0602CC216B5EEB00EBE8CF /* TodoListViewController.swift in Sources */ = {isa = PBXBuildFile; fileRef = 9F0602CB216B5EEB00EBE8CF /* TodoListViewController.swift */; };
		9F0602CF216B5EEB00EBE8CF /* Main.storyboard in Resources */ = {isa = PBXBuildFile; fileRef = 9F0602CD216B5EEB00EBE8CF /* Main.storyboard */; };
		9F0602D1216B5EED00EBE8CF /* Assets.xcassets in Resources */ = {isa = PBXBuildFile; fileRef = 9F0602D0216B5EED00EBE8CF /* Assets.xcassets */; };
		9F0602D4216B5EED00EBE8CF /* LaunchScreen.storyboard in Resources */ = {isa = PBXBuildFile; fileRef = 9F0602D2216B5EED00EBE8CF /* LaunchScreen.storyboard */; };
		9F24ED932179DC480086F198 /* CategoryViewController.swift in Sources */ = {isa = PBXBuildFile; fileRef = 9F24ED922179DC480086F198 /* CategoryViewController.swift */; };
		9F303CEF217A2192006C25B7 /* Item.swift in Sources */ = {isa = PBXBuildFile; fileRef = 9F303CEE217A2192006C25B7 /* Item.swift */; };
		9F303CF1217A219D006C25B7 /* Category.swift in Sources */ = {isa = PBXBuildFile; fileRef = 9F303CF0217A219D006C25B7 /* Category.swift */; };
		9F846BB921873CD00075F3A4 /* SwipeTableViewController.swift in Sources */ = {isa = PBXBuildFile; fileRef = 9F846BB821873CD00075F3A4 /* SwipeTableViewController.swift */; };
		C156057AAFB4918AB047FE07 /* Pods_Todoey.framework in Frameworks */ = {isa = PBXBuildFile; fileRef = A558C3D8FF4433DB6DA791DF /* Pods_Todoey.framework */; };
/* End PBXBuildFile section */

/* Begin PBXFileReference section */
		8AD0DED30F0D8F3A215B7B3B /* Pods-Todoey.release.xcconfig */ = {isa = PBXFileReference; includeInIndex = 1; lastKnownFileType = text.xcconfig; name = "Pods-Todoey.release.xcconfig"; path = "Pods/Target Support Files/Pods-Todoey/Pods-Todoey.release.xcconfig"; sourceTree = "<group>"; };
		9F0602C6216B5EEB00EBE8CF /* Todoey.app */ = {isa = PBXFileReference; explicitFileType = wrapper.application; includeInIndex = 0; path = Todoey.app; sourceTree = BUILT_PRODUCTS_DIR; };
		9F0602C9216B5EEB00EBE8CF /* AppDelegate.swift */ = {isa = PBXFileReference; lastKnownFileType = sourcecode.swift; path = AppDelegate.swift; sourceTree = "<group>"; };
		9F0602CB216B5EEB00EBE8CF /* TodoListViewController.swift */ = {isa = PBXFileReference; lastKnownFileType = sourcecode.swift; path = TodoListViewController.swift; sourceTree = "<group>"; };
		9F0602CE216B5EEB00EBE8CF /* Base */ = {isa = PBXFileReference; lastKnownFileType = file.storyboard; name = Base; path = Base.lproj/Main.storyboard; sourceTree = "<group>"; };
		9F0602D0216B5EED00EBE8CF /* Assets.xcassets */ = {isa = PBXFileReference; lastKnownFileType = folder.assetcatalog; path = Assets.xcassets; sourceTree = "<group>"; };
		9F0602D3216B5EED00EBE8CF /* Base */ = {isa = PBXFileReference; lastKnownFileType = file.storyboard; name = Base; path = Base.lproj/LaunchScreen.storyboard; sourceTree = "<group>"; };
		9F0602D5216B5EED00EBE8CF /* Info.plist */ = {isa = PBXFileReference; lastKnownFileType = text.plist.xml; path = Info.plist; sourceTree = "<group>"; };
		9F24ED922179DC480086F198 /* CategoryViewController.swift */ = {isa = PBXFileReference; lastKnownFileType = sourcecode.swift; path = CategoryViewController.swift; sourceTree = "<group>"; };
		9F303CEE217A2192006C25B7 /* Item.swift */ = {isa = PBXFileReference; lastKnownFileType = sourcecode.swift; path = Item.swift; sourceTree = "<group>"; };
		9F303CF0217A219D006C25B7 /* Category.swift */ = {isa = PBXFileReference; lastKnownFileType = sourcecode.swift; path = Category.swift; sourceTree = "<group>"; };
		9F846BB821873CD00075F3A4 /* SwipeTableViewController.swift */ = {isa = PBXFileReference; lastKnownFileType = sourcecode.swift; path = SwipeTableViewController.swift; sourceTree = "<group>"; };
		A558C3D8FF4433DB6DA791DF /* Pods_Todoey.framework */ = {isa = PBXFileReference; explicitFileType = wrapper.framework; includeInIndex = 0; path = Pods_Todoey.framework; sourceTree = BUILT_PRODUCTS_DIR; };
		D6EB8BA22DB9F07DB1B44014 /* Pods-Todoey.debug.xcconfig */ = {isa = PBXFileReference; includeInIndex = 1; lastKnownFileType = text.xcconfig; name = "Pods-Todoey.debug.xcconfig"; path = "Pods/Target Support Files/Pods-Todoey/Pods-Todoey.debug.xcconfig"; sourceTree = "<group>"; };
/* End PBXFileReference section */

/* Begin PBXFrameworksBuildPhase section */
		9F0602C3216B5EEB00EBE8CF /* Frameworks */ = {
			isa = PBXFrameworksBuildPhase;
			buildActionMask = 2147483647;
			files = (
				C156057AAFB4918AB047FE07 /* Pods_Todoey.framework in Frameworks */,
			);
			runOnlyForDeploymentPostprocessing = 0;
		};
/* End PBXFrameworksBuildPhase section */

/* Begin PBXGroup section */
		7EBCA6713BD249F8C6E28D38 /* Frameworks */ = {
			isa = PBXGroup;
			children = (
				A558C3D8FF4433DB6DA791DF /* Pods_Todoey.framework */,
			);
			name = Frameworks;
			sourceTree = "<group>";
		};
		9F0602BD216B5EEB00EBE8CF = {
			isa = PBXGroup;
			children = (
				9F0602C8216B5EEB00EBE8CF /* Todoey */,
				9F0602C7216B5EEB00EBE8CF /* Products */,
				D631EAF1F9235FD8FC9F0D22 /* Pods */,
				7EBCA6713BD249F8C6E28D38 /* Frameworks */,
			);
			sourceTree = "<group>";
		};
		9F0602C7216B5EEB00EBE8CF /* Products */ = {
			isa = PBXGroup;
			children = (
				9F0602C6216B5EEB00EBE8CF /* Todoey.app */,
			);
			name = Products;
			sourceTree = "<group>";
		};
		9F0602C8216B5EEB00EBE8CF /* Todoey */ = {
			isa = PBXGroup;
			children = (
				9F868499216CEA4400470658 /* Controller */,
				9F868498216CEA3F00470658 /* View */,
				9F86849A216CEA5B00470658 /* Supporting Files */,
				9F868497216CEA3000470658 /* Data Model */,
				9F0602C9216B5EEB00EBE8CF /* AppDelegate.swift */,
				9F0602D5216B5EED00EBE8CF /* Info.plist */,
			);
			path = Todoey;
			sourceTree = "<group>";
		};
		9F868497216CEA3000470658 /* Data Model */ = {
			isa = PBXGroup;
			children = (
				9F303CEE217A2192006C25B7 /* Item.swift */,
				9F303CF0217A219D006C25B7 /* Category.swift */,
			);
			path = "Data Model";
			sourceTree = "<group>";
		};
		9F868498216CEA3F00470658 /* View */ = {
			isa = PBXGroup;
			children = (
				9F0602CD216B5EEB00EBE8CF /* Main.storyboard */,
			);
			path = View;
			sourceTree = "<group>";
		};
		9F868499216CEA4400470658 /* Controller */ = {
			isa = PBXGroup;
			children = (
				9F24ED922179DC480086F198 /* CategoryViewController.swift */,
				9F0602CB216B5EEB00EBE8CF /* TodoListViewController.swift */,
				9F846BB821873CD00075F3A4 /* SwipeTableViewController.swift */,
			);
			path = Controller;
			sourceTree = "<group>";
		};
		9F86849A216CEA5B00470658 /* Supporting Files */ = {
			isa = PBXGroup;
			children = (
				9F0602D0216B5EED00EBE8CF /* Assets.xcassets */,
				9F0602D2216B5EED00EBE8CF /* LaunchScreen.storyboard */,
			);
			path = "Supporting Files";
			sourceTree = "<group>";
		};
		D631EAF1F9235FD8FC9F0D22 /* Pods */ = {
			isa = PBXGroup;
			children = (
				D6EB8BA22DB9F07DB1B44014 /* Pods-Todoey.debug.xcconfig */,
				8AD0DED30F0D8F3A215B7B3B /* Pods-Todoey.release.xcconfig */,
			);
			name = Pods;
			sourceTree = "<group>";
		};
/* End PBXGroup section */

/* Begin PBXNativeTarget section */
		9F0602C5216B5EEB00EBE8CF /* Todoey */ = {
			isa = PBXNativeTarget;
			buildConfigurationList = 9F0602D8216B5EED00EBE8CF /* Build configuration list for PBXNativeTarget "Todoey" */;
			buildPhases = (
				060D4598548F37FC3F8524F3 /* [CP] Check Pods Manifest.lock */,
				9F0602C2216B5EEB00EBE8CF /* Sources */,
				9F0602C3216B5EEB00EBE8CF /* Frameworks */,
				9F0602C4216B5EEB00EBE8CF /* Resources */,
				CCF532C5D95B04F59035DEF0 /* [CP] Embed Pods Frameworks */,
			);
			buildRules = (
			);
			dependencies = (
			);
			name = Todoey;
			productName = Todoey;
			productReference = 9F0602C6216B5EEB00EBE8CF /* Todoey.app */;
			productType = "com.apple.product-type.application";
		};
/* End PBXNativeTarget section */

/* Begin PBXProject section */
		9F0602BE216B5EEB00EBE8CF /* Project object */ = {
			isa = PBXProject;
			attributes = {
				LastSwiftUpdateCheck = 1000;
				LastUpgradeCheck = 1000;
				ORGANIZATIONNAME = Janek;
				TargetAttributes = {
					9F0602C5216B5EEB00EBE8CF = {
						CreatedOnToolsVersion = 10.0;
					};
				};
			};
			buildConfigurationList = 9F0602C1216B5EEB00EBE8CF /* Build configuration list for PBXProject "Todoey" */;
			compatibilityVersion = "Xcode 9.3";
			developmentRegion = en;
			hasScannedForEncodings = 0;
			knownRegions = (
				en,
				Base,
			);
			mainGroup = 9F0602BD216B5EEB00EBE8CF;
			productRefGroup = 9F0602C7216B5EEB00EBE8CF /* Products */;
			projectDirPath = "";
			projectRoot = "";
			targets = (
				9F0602C5216B5EEB00EBE8CF /* Todoey */,
			);
		};
/* End PBXProject section */

/* Begin PBXResourcesBuildPhase section */
		9F0602C4216B5EEB00EBE8CF /* Resources */ = {
			isa = PBXResourcesBuildPhase;
			buildActionMask = 2147483647;
			files = (
				9F0602D4216B5EED00EBE8CF /* LaunchScreen.storyboard in Resources */,
				9F0602D1216B5EED00EBE8CF /* Assets.xcassets in Resources */,
				9F0602CF216B5EEB00EBE8CF /* Main.storyboard in Resources */,
			);
			runOnlyForDeploymentPostprocessing = 0;
		};
/* End PBXResourcesBuildPhase section */

/* Begin PBXShellScriptBuildPhase section */
		060D4598548F37FC3F8524F3 /* [CP] Check Pods Manifest.lock */ = {
			isa = PBXShellScriptBuildPhase;
			buildActionMask = 2147483647;
			files = (
			);
			inputFileListPaths = (
			);
			inputPaths = (
				"${PODS_PODFILE_DIR_PATH}/Podfile.lock",
				"${PODS_ROOT}/Manifest.lock",
			);
			name = "[CP] Check Pods Manifest.lock";
			outputFileListPaths = (
			);
			outputPaths = (
				"$(DERIVED_FILE_DIR)/Pods-Todoey-checkManifestLockResult.txt",
			);
			runOnlyForDeploymentPostprocessing = 0;
			shellPath = /bin/sh;
			shellScript = "diff \"${PODS_PODFILE_DIR_PATH}/Podfile.lock\" \"${PODS_ROOT}/Manifest.lock\" > /dev/null\nif [ $? != 0 ] ; then\n    # print error to STDERR\n    echo \"error: The sandbox is not in sync with the Podfile.lock. Run 'pod install' or update your CocoaPods installation.\" >&2\n    exit 1\nfi\n# This output is used by Xcode 'outputs' to avoid re-running this script phase.\necho \"SUCCESS\" > \"${SCRIPT_OUTPUT_FILE_0}\"\n";
			showEnvVarsInLog = 0;
		};
		CCF532C5D95B04F59035DEF0 /* [CP] Embed Pods Frameworks */ = {
			isa = PBXShellScriptBuildPhase;
			buildActionMask = 2147483647;
			files = (
			);
			inputFileListPaths = (
			);
			inputPaths = (
				"${SRCROOT}/Pods/Target Support Files/Pods-Todoey/Pods-Todoey-frameworks.sh",
				"${BUILT_PRODUCTS_DIR}/ChameleonFramework/ChameleonFramework.framework",
				"${BUILT_PRODUCTS_DIR}/Realm/Realm.framework",
				"${BUILT_PRODUCTS_DIR}/RealmSwift/RealmSwift.framework",
				"${BUILT_PRODUCTS_DIR}/SwipeCellKit/SwipeCellKit.framework",
			);
			name = "[CP] Embed Pods Frameworks";
			outputFileListPaths = (
			);
			outputPaths = (
				"${TARGET_BUILD_DIR}/${FRAMEWORKS_FOLDER_PATH}/ChameleonFramework.framework",
				"${TARGET_BUILD_DIR}/${FRAMEWORKS_FOLDER_PATH}/Realm.framework",
				"${TARGET_BUILD_DIR}/${FRAMEWORKS_FOLDER_PATH}/RealmSwift.framework",
				"${TARGET_BUILD_DIR}/${FRAMEWORKS_FOLDER_PATH}/SwipeCellKit.framework",
			);
			runOnlyForDeploymentPostprocessing = 0;
			shellPath = /bin/sh;
			shellScript = "\"${SRCROOT}/Pods/Target Support Files/Pods-Todoey/Pods-Todoey-frameworks.sh\"\n";
			showEnvVarsInLog = 0;
		};
/* End PBXShellScriptBuildPhase section */

/* Begin PBXSourcesBuildPhase section */
		9F0602C2216B5EEB00EBE8CF /* Sources */ = {
			isa = PBXSourcesBuildPhase;
			buildActionMask = 2147483647;
			files = (
				9F303CEF217A2192006C25B7 /* Item.swift in Sources */,
				9F24ED932179DC480086F198 /* CategoryViewController.swift in Sources */,
				9F0602CC216B5EEB00EBE8CF /* TodoListViewController.swift in Sources */,
				9F0602CA216B5EEB00EBE8CF /* AppDelegate.swift in Sources */,
				9F846BB921873CD00075F3A4 /* SwipeTableViewController.swift in Sources */,
				9F303CF1217A219D006C25B7 /* Category.swift in Sources */,
			);
			runOnlyForDeploymentPostprocessing = 0;
		};
/* End PBXSourcesBuildPhase section */

/* Begin PBXVariantGroup section */
		9F0602CD216B5EEB00EBE8CF /* Main.storyboard */ = {
			isa = PBXVariantGroup;
			children = (
				9F0602CE216B5EEB00EBE8CF /* Base */,
			);
			name = Main.storyboard;
			sourceTree = "<group>";
		};
		9F0602D2216B5EED00EBE8CF /* LaunchScreen.storyboard */ = {
			isa = PBXVariantGroup;
			children = (
				9F0602D3216B5EED00EBE8CF /* Base */,
			);
			name = LaunchScreen.storyboard;
			sourceTree = "<group>";
		};
/* End PBXVariantGroup section */

/* Begin XCBuildConfiguration section */
		9F0602D6216B5EED00EBE8CF /* Debug */ = {
			isa = XCBuildConfiguration;
			buildSettings = {
				ALWAYS_SEARCH_USER_PATHS = NO;
				CLANG_ANALYZER_NONNULL = YES;
				CLANG_ANALYZER_NUMBER_OBJECT_CONVERSION = YES_AGGRESSIVE;
				CLANG_CXX_LANGUAGE_STANDARD = "gnu++14";
				CLANG_CXX_LIBRARY = "libc++";
				CLANG_ENABLE_MODULES = YES;
				CLANG_ENABLE_OBJC_ARC = YES;
				CLANG_ENABLE_OBJC_WEAK = YES;
				CLANG_WARN_BLOCK_CAPTURE_AUTORELEASING = YES;
				CLANG_WARN_BOOL_CONVERSION = YES;
				CLANG_WARN_COMMA = YES;
				CLANG_WARN_CONSTANT_CONVERSION = YES;
				CLANG_WARN_DEPRECATED_OBJC_IMPLEMENTATIONS = YES;
				CLANG_WARN_DIRECT_OBJC_ISA_USAGE = YES_ERROR;
				CLANG_WARN_DOCUMENTATION_COMMENTS = YES;
				CLANG_WARN_EMPTY_BODY = YES;
				CLANG_WARN_ENUM_CONVERSION = YES;
				CLANG_WARN_INFINITE_RECURSION = YES;
				CLANG_WARN_INT_CONVERSION = YES;
				CLANG_WARN_NON_LITERAL_NULL_CONVERSION = YES;
				CLANG_WARN_OBJC_IMPLICIT_RETAIN_SELF = YES;
				CLANG_WARN_OBJC_LITERAL_CONVERSION = YES;
				CLANG_WARN_OBJC_ROOT_CLASS = YES_ERROR;
				CLANG_WARN_RANGE_LOOP_ANALYSIS = YES;
				CLANG_WARN_STRICT_PROTOTYPES = YES;
				CLANG_WARN_SUSPICIOUS_MOVE = YES;
				CLANG_WARN_UNGUARDED_AVAILABILITY = YES_AGGRESSIVE;
				CLANG_WARN_UNREACHABLE_CODE = YES;
				CLANG_WARN__DUPLICATE_METHOD_MATCH = YES;
				CODE_SIGN_IDENTITY = "iPhone Developer";
				COPY_PHASE_STRIP = NO;
				DEBUG_INFORMATION_FORMAT = dwarf;
				ENABLE_STRICT_OBJC_MSGSEND = YES;
				ENABLE_TESTABILITY = YES;
				GCC_C_LANGUAGE_STANDARD = gnu11;
				GCC_DYNAMIC_NO_PIC = NO;
				GCC_NO_COMMON_BLOCKS = YES;
				GCC_OPTIMIZATION_LEVEL = 0;
				GCC_PREPROCESSOR_DEFINITIONS = (
					"DEBUG=1",
					"$(inherited)",
				);
				GCC_WARN_64_TO_32_BIT_CONVERSION = YES;
				GCC_WARN_ABOUT_RETURN_TYPE = YES_ERROR;
				GCC_WARN_UNDECLARED_SELECTOR = YES;
				GCC_WARN_UNINITIALIZED_AUTOS = YES_AGGRESSIVE;
				GCC_WARN_UNUSED_FUNCTION = YES;
				GCC_WARN_UNUSED_VARIABLE = YES;
				IPHONEOS_DEPLOYMENT_TARGET = 12.0;
				MTL_ENABLE_DEBUG_INFO = INCLUDE_SOURCE;
				MTL_FAST_MATH = YES;
				ONLY_ACTIVE_ARCH = YES;
				SDKROOT = iphoneos;
				SWIFT_ACTIVE_COMPILATION_CONDITIONS = DEBUG;
				SWIFT_OPTIMIZATION_LEVEL = "-Onone";
			};
			name = Debug;
		};
		9F0602D7216B5EED00EBE8CF /* Release */ = {
			isa = XCBuildConfiguration;
			buildSettings = {
				ALWAYS_SEARCH_USER_PATHS = NO;
				CLANG_ANALYZER_NONNULL = YES;
				CLANG_ANALYZER_NUMBER_OBJECT_CONVERSION = YES_AGGRESSIVE;
				CLANG_CXX_LANGUAGE_STANDARD = "gnu++14";
				CLANG_CXX_LIBRARY = "libc++";
				CLANG_ENABLE_MODULES = YES;
				CLANG_ENABLE_OBJC_ARC = YES;
				CLANG_ENABLE_OBJC_WEAK = YES;
				CLANG_WARN_BLOCK_CAPTURE_AUTORELEASING = YES;
				CLANG_WARN_BOOL_CONVERSION = YES;
				CLANG_WARN_COMMA = YES;
				CLANG_WARN_CONSTANT_CONVERSION = YES;
				CLANG_WARN_DEPRECATED_OBJC_IMPLEMENTATIONS = YES;
				CLANG_WARN_DIRECT_OBJC_ISA_USAGE = YES_ERROR;
				CLANG_WARN_DOCUMENTATION_COMMENTS = YES;
				CLANG_WARN_EMPTY_BODY = YES;
				CLANG_WARN_ENUM_CONVERSION = YES;
				CLANG_WARN_INFINITE_RECURSION = YES;
				CLANG_WARN_INT_CONVERSION = YES;
				CLANG_WARN_NON_LITERAL_NULL_CONVERSION = YES;
				CLANG_WARN_OBJC_IMPLICIT_RETAIN_SELF = YES;
				CLANG_WARN_OBJC_LITERAL_CONVERSION = YES;
				CLANG_WARN_OBJC_ROOT_CLASS = YES_ERROR;
				CLANG_WARN_RANGE_LOOP_ANALYSIS = YES;
				CLANG_WARN_STRICT_PROTOTYPES = YES;
				CLANG_WARN_SUSPICIOUS_MOVE = YES;
				CLANG_WARN_UNGUARDED_AVAILABILITY = YES_AGGRESSIVE;
				CLANG_WARN_UNREACHABLE_CODE = YES;
				CLANG_WARN__DUPLICATE_METHOD_MATCH = YES;
				CODE_SIGN_IDENTITY = "iPhone Developer";
				COPY_PHASE_STRIP = NO;
				DEBUG_INFORMATION_FORMAT = "dwarf-with-dsym";
				ENABLE_NS_ASSERTIONS = NO;
				ENABLE_STRICT_OBJC_MSGSEND = YES;
				GCC_C_LANGUAGE_STANDARD = gnu11;
				GCC_NO_COMMON_BLOCKS = YES;
				GCC_WARN_64_TO_32_BIT_CONVERSION = YES;
				GCC_WARN_ABOUT_RETURN_TYPE = YES_ERROR;
				GCC_WARN_UNDECLARED_SELECTOR = YES;
				GCC_WARN_UNINITIALIZED_AUTOS = YES_AGGRESSIVE;
				GCC_WARN_UNUSED_FUNCTION = YES;
				GCC_WARN_UNUSED_VARIABLE = YES;
				IPHONEOS_DEPLOYMENT_TARGET = 12.0;
				MTL_ENABLE_DEBUG_INFO = NO;
				MTL_FAST_MATH = YES;
				SDKROOT = iphoneos;
				SWIFT_COMPILATION_MODE = wholemodule;
				SWIFT_OPTIMIZATION_LEVEL = "-O";
				VALIDATE_PRODUCT = YES;
			};
			name = Release;
		};
		9F0602D9216B5EED00EBE8CF /* Debug */ = {
			isa = XCBuildConfiguration;
			baseConfigurationReference = D6EB8BA22DB9F07DB1B44014 /* Pods-Todoey.debug.xcconfig */;
			buildSettings = {
				ASSETCATALOG_COMPILER_APPICON_NAME = AppIcon;
				CODE_SIGN_STYLE = Automatic;
				INFOPLIST_FILE = Todoey/Info.plist;
				LD_RUNPATH_SEARCH_PATHS = (
					"$(inherited)",
					"@executable_path/Frameworks",
				);
				PRODUCT_BUNDLE_IDENTIFIER = com.janek.Todoey;
				PRODUCT_NAME = "$(TARGET_NAME)";
				SWIFT_VERSION = 4.2;
				TARGETED_DEVICE_FAMILY = "1,2";
			};
			name = Debug;
		};
		9F0602DA216B5EED00EBE8CF /* Release */ = {
			isa = XCBuildConfiguration;
			baseConfigurationReference = 8AD0DED30F0D8F3A215B7B3B /* Pods-Todoey.release.xcconfig */;
			buildSettings = {
				ASSETCATALOG_COMPILER_APPICON_NAME = AppIcon;
				CODE_SIGN_STYLE = Automatic;
				INFOPLIST_FILE = Todoey/Info.plist;
				LD_RUNPATH_SEARCH_PATHS = (
					"$(inherited)",
					"@executable_path/Frameworks",
				);
				PRODUCT_BUNDLE_IDENTIFIER = com.janek.Todoey;
				PRODUCT_NAME = "$(TARGET_NAME)";
				SWIFT_VERSION = 4.2;
				TARGETED_DEVICE_FAMILY = "1,2";
			};
			name = Release;
		};
/* End XCBuildConfiguration section */

/* Begin XCConfigurationList section */
		9F0602C1216B5EEB00EBE8CF /* Build configuration list for PBXProject "Todoey" */ = {
			isa = XCConfigurationList;
			buildConfigurations = (
				9F0602D6216B5EED00EBE8CF /* Debug */,
				9F0602D7216B5EED00EBE8CF /* Release */,
			);
			defaultConfigurationIsVisible = 0;
			defaultConfigurationName = Release;
		};
		9F0602D8216B5EED00EBE8CF /* Build configuration list for PBXNativeTarget "Todoey" */ = {
			isa = XCConfigurationList;
			buildConfigurations = (
				9F0602D9216B5EED00EBE8CF /* Debug */,
				9F0602DA216B5EED00EBE8CF /* Release */,
			);
			defaultConfigurationIsVisible = 0;
			defaultConfigurationName = Release;
		};
/* End XCConfigurationList section */
	};
	rootObject = 9F0602BE216B5EEB00EBE8CF /* Project object */;
}
